{
    "name": "mix-order",
    "version": "1.0.0",
    "lockfileVersion": 3,
    "requires": true,
    "packages": {
        "": {
            "name": "mix-order",
            "version": "1.0.0",
            "license": "ISC",
            "dependencies": {
                "config": "file:../common/config",
                "md5-node": "^1.0.1",
                "uni-id": "file:../../../uni_modules/uni-id/uniCloud/cloudfunctions/common/uni-id",
                "unipay": "file:../common/unipay"
            }
        },
        "../../../uni_modules/uni-id/uniCloud/cloudfunctions/common/uni-id": {
            "version": "3.3.9",
            "license": "Apache-2.0",
            "dependencies": {
                "uni-config-center": "file:../../../../../uni-config-center/uniCloud/cloudfunctions/common/uni-config-center"
            }
        },
        "../common/config": {
            "version": "1.0.0",
            "license": "ISC"
        },
        "../common/unipay": {
            "version": "1.0.5",
            "license": "Apache-2.0",
            "devDependencies": {}
        },
        "node_modules/config": {
            "resolved": "../common/config",
            "link": true
        },
        "node_modules/md5-node": {
            "version": "1.0.1",
            "license": "ISC"
        },
        "node_modules/uni-id": {
            "resolved": "../../../uni_modules/uni-id/uniCloud/cloudfunctions/common/uni-id",
            "link": true
        },
        "node_modules/unipay": {
            "resolved": "../common/unipay",
            "link": true
        }
    }
}
